<Solution>
  <Configurations>
    <Platform Name="Any CPU" />
    <Platform Name="ARM64" />
    <Platform Name="x64" />
  </Configurations>
  <Folder Name="/rt/">
    <Project Path="ScreenSenderComponentRt/ScreenSenderComponent.vcxproj" Id="f300298e-aaf8-4779-b21b-5c803eddcf9d" />
  </Folder>
  <Folder Name="/Solution Items/">
    <File Path=".editorconfig" />
    <File Path="README.md" />
  </Folder>
  <Folder Name="/Solution Items/.github/">
    <File Path=".github/workflows/nuget-standard-core.yml" />
    <File Path=".github/workflows/nuget-standard-data.yml" />
    <File Path=".github/workflows/nuget-standard.yml" />
    <File Path=".github/workflows/nuget-uwp-controls.yml" />
    <File Path=".github/workflows/nuget-uwp-mvvm.yml" />
    <File Path=".github/workflows/nuget-uwp.yml" />
  </Folder>
  <Folder Name="/Solution Items/Docs/">
    <File Path="Docs/icon.png" />
    <File Path="Docs/README.md" />
  </Folder>
  <Folder Name="/Solution Items/Snippets/" />
  <Folder Name="/Solution Items/Snippets/CS/">
    <File Path="Snippets/Cs/AsyncRelayCommand.snippet" />
    <File Path="Snippets/Cs/DataContext.snippet" />
    <File Path="Snippets/Cs/NotifyProperty.snippet" />
    <File Path="Snippets/Cs/NotifyPropertyAction.snippet" />
    <File Path="Snippets/Cs/NotifyPropertyWrap.snippet" />
    <File Path="Snippets/Cs/RelayCommand.snippet" />
  </Folder>
  <Folder Name="/Solution Items/Snippets/Xaml/">
    <File Path="Snippets/Xaml/Behaviors.snippet" />
    <File Path="Snippets/Xaml/Storyboard.snippet" />
    <File Path="Snippets/Xaml/WinUI.snippet" />
  </Folder>
  <Project Path="AudioVisualizer.Projection/AudioVisualizer.Projection.csproj">
    <Platform Solution="*|Any CPU" Project="x64" />
    <Platform Solution="*|ARM64" Project="ARM64" />
    <Platform Solution="*|x64" Project="x64" />
  </Project>
  <Project Path="AudioVisualizer/AudioVisualizer.vcxproj" Id="da1a2266-1149-4a19-8a3a-3f1ca7717a6f" />
  <Project Path="ScreenSenderComponent/ScreenSenderComponent.vcxproj" Id="9762cc81-d63d-4952-9cba-f812755c3444" />
  <Project Path="Yugen.Toolkit.Core.Sample/Yugen.Toolkit.Core.Sample.csproj" />
  <Project Path="Yugen.Toolkit.Standard.Core/Yugen.Toolkit.Standard.Core.csproj" />
  <Project Path="Yugen.Toolkit.Standard.Data.Sample/Yugen.Toolkit.Standard.Data.Sample.csproj" />
  <Project Path="Yugen.Toolkit.Standard.Data/Yugen.Toolkit.Standard.Data.csproj" />
  <Project Path="Yugen.Toolkit.Standard.Printer/Yugen.Toolkit.Standard.Printer.csproj" />
  <Project Path="Yugen.Toolkit.Standard.Security/Yugen.Toolkit.Standard.Security.csproj" />
  <Project Path="Yugen.Toolkit.Standard/Yugen.Toolkit.Standard.csproj" />
  <Project Path="Yugen.Toolkit.Uwp.Audio.Controls/Yugen.Toolkit.Uwp.Audio.Controls.csproj" Id="a8b69e7a-9046-450f-a369-a0e29a0b57fb">
    <Platform Solution="*|Any CPU" Project="x64" />
    <Platform Solution="*|ARM64" Project="ARM64" />
    <Platform Solution="*|x64" Project="x64" />
  </Project>
  <Project Path="Yugen.Toolkit.Uwp.Audio.Services.Abstractions/Yugen.Toolkit.Uwp.Audio.Services.Abstractions.csproj" Id="bdd73429-0041-47d2-9ca9-8d669ffc4cdd">
    <Platform Solution="*|Any CPU" Project="x64" />
    <Platform Solution="*|ARM64" Project="ARM64" />
    <Platform Solution="*|x64" Project="x64" />
  </Project>
  <Project Path="Yugen.Toolkit.Uwp.Audio.Services.AudioGraph/Yugen.Toolkit.Uwp.Audio.Services.AudioGraph.csproj" Id="196cfd93-4d2f-4ca6-b927-d5c8b9566679">
    <Platform Solution="*|Any CPU" Project="x64" />
    <Platform Solution="*|ARM64" Project="ARM64" />
    <Platform Solution="*|x64" Project="x64" />
  </Project>
  <Project Path="Yugen.Toolkit.Uwp.Audio.Services.Bass/Yugen.Toolkit.Uwp.Audio.Services.Bass.csproj" Id="e32cc781-64b3-4b05-bece-c9e5f69e01b6">
    <Platform Solution="*|Any CPU" Project="x64" />
    <Platform Solution="*|ARM64" Project="ARM64" />
    <Platform Solution="*|x64" Project="x64" />
  </Project>
  <Project Path="Yugen.Toolkit.Uwp.Audio.Services.Common/Yugen.Toolkit.Uwp.Audio.Services.Common.csproj" Id="4623f944-d15c-4364-9ee8-07f5e757a04c">
    <Platform Solution="*|Any CPU" Project="x64" />
    <Platform Solution="*|ARM64" Project="ARM64" />
    <Platform Solution="*|x64" Project="x64" />
  </Project>
  <Project Path="Yugen.Toolkit.Uwp.Audio.Services.NAudio/Yugen.Toolkit.Uwp.Audio.Services.NAudio.csproj" Id="c36a19c8-c53a-481e-9057-a5b7fddc988c">
    <Platform Solution="*|Any CPU" Project="x64" />
    <Platform Solution="*|ARM64" Project="ARM64" />
    <Platform Solution="*|x64" Project="x64" />
  </Project>
  <Project Path="Yugen.Toolkit.Uwp.CodeChallenge.UnitTest/Yugen.Toolkit.Uwp.CodeChallenge.UnitTest.csproj" Id="c4291801-3352-42b7-88e0-707738e761ba">
    <Platform Solution="*|Any CPU" Project="x64" />
    <Platform Solution="*|ARM64" Project="ARM64" />
    <Platform Solution="*|x64" Project="x64" />
    <Deploy Solution="*|ARM64" />
    <Deploy Solution="*|x64" />
  </Project>
  <Project Path="Yugen.Toolkit.Uwp.CodeChallenge/Yugen.Toolkit.Uwp.CodeChallenge.csproj" Id="0f3b0a64-8ed6-4b08-9528-2af3f065579c">
    <Platform Solution="*|Any CPU" Project="x64" />
    <Platform Solution="*|ARM64" Project="ARM64" />
    <Platform Solution="*|x64" Project="x64" />
    <Deploy Solution="*|ARM64" />
    <Deploy Solution="*|x64" />
  </Project>
  <Project Path="Yugen.Toolkit.Uwp.Controls/Yugen.Toolkit.Uwp.Controls.csproj">
    <Platform Solution="*|Any CPU" Project="x64" />
    <Platform Solution="*|ARM64" Project="ARM64" />
    <Platform Solution="*|x64" Project="x64" />
  </Project>
  <Project Path="Yugen.Toolkit.Uwp.Mvvm/Yugen.Toolkit.Uwp.Mvvm.csproj">
    <Platform Solution="*|Any CPU" Project="x64" />
    <Platform Solution="*|ARM64" Project="ARM64" />
    <Platform Solution="*|x64" Project="x64" />
  </Project>
  <Project Path="Yugen.Toolkit.Uwp.Printer/Yugen.Toolkit.Uwp.Printer.csproj" Id="d6cbd581-1dbc-45a1-9b0f-2b3ca23ab792">
    <Platform Solution="*|Any CPU" Project="x64" />
    <Platform Solution="*|ARM64" Project="ARM64" />
    <Platform Solution="*|x64" Project="x64" />
  </Project>
  <Project Path="Yugen.Toolkit.Uwp.Samples/Yugen.Toolkit.Uwp.Samples.csproj" Id="9fb8d2fd-2c73-4e1f-b428-f6029b78e42b">
    <Platform Solution="*|Any CPU" Project="x64" />
    <Platform Solution="*|ARM64" Project="ARM64" />
    <Platform Solution="*|x64" Project="x64" />
    <Deploy Solution="*|ARM64" />
    <Deploy Solution="*|x64" />
  </Project>
  <Project Path="Yugen.Toolkit.Uwp/Yugen.Toolkit.Uwp.csproj">
    <Platform Solution="*|Any CPU" Project="x64" />
    <Platform Solution="*|ARM64" Project="ARM64" />
    <Platform Solution="*|x64" Project="x64" />
  </Project>
  <Project Path="Yugen.Toolkit.Web.Sample/Yugen.Toolkit.Web.Sample.csproj" />
  <Project Path="Yugen.Toolkit.Web.TokenProvider/Yugen.Toolkit.Web.TokenProvider.csproj" />
</Solution>
